<?xml version="1.0" encoding="utf-8"?>
<Project ToolsVersion="4.0" xmlns="http://schemas.microsoft.com/developer/msbuild/2003">
  <ItemGroup>
    <Filter Include="Source Files">
      <UniqueIdentifier>{4FC737F1-C7A5-4376-A066-2A32D752A2FF}</UniqueIdentifier>
      <Extensions>cpp;c;cc;cxx;def;odl;idl;hpj;bat;asm;asmx</Extensions>
    </Filter>
    <Filter Include="Header Files">
      <UniqueIdentifier>{93995380-89BD-4b04-88EB-625FBE52EBFB}</UniqueIdentifier>
      <Extensions>h;hpp;hxx;hm;inl;inc;xsd</Extensions>
    </Filter>
    <Filter Include="Resource Files">
      <UniqueIdentifier>{67DA6AB6-F800-4c08-8B7A-83BB121AAD01}</UniqueIdentifier>
      <Extensions>rc;ico;cur;bmp;dlg;rc2;rct;bin;rgs;gif;jpg;jpeg;jpe;resx;tiff;tif;png;wav;mfcribbon-ms</Extensions>
    </Filter>
    <Filter Include="ApcInjectorLib">
      <UniqueIdentifier>{00f38717-bfdc-43c8-b9f8-746dddc616e3}</UniqueIdentifier>
    </Filter>
    <Filter Include="LogLib">
      <UniqueIdentifier>{671415ee-1d2c-419e-ac46-bbebf385772f}</UniqueIdentifier>
    </Filter>
    <Filter Include="Protector">
      <UniqueIdentifier>{9a98092e-1074-456b-8d3e-701c81f86b9b}</UniqueIdentifier>
    </Filter>
    <Filter Include="Monitor">
      <UniqueIdentifier>{ae7ea6f6-e4ea-4026-8fb5-53d69c0bf28e}</UniqueIdentifier>
    </Filter>
    <Filter Include="Memory">
      <UniqueIdentifier>{0f269d4c-5954-4c15-83cf-a29f54bd1a40}</UniqueIdentifier>
    </Filter>
  </ItemGroup>
  <ItemGroup>
    <ClInclude Include="Imports.hpp">
      <Filter>Header Files</Filter>
    </ClInclude>
    <ClInclude Include="ApcInjector.hpp">
      <Filter>ApcInjectorLib</Filter>
    </ClInclude>
    <ClInclude Include="Log.hpp">
      <Filter>LogLib</Filter>
    </ClInclude>
    <ClInclude Include="Utils.hpp">
      <Filter>Header Files</Filter>
    </ClInclude>
    <ClInclude Include="Notify.hpp">
      <Filter>Monitor</Filter>
    </ClInclude>
    <ClInclude Include="ProcessProtector.hpp">
      <Filter>Protector</Filter>
    </ClInclude>
    <ClInclude Include="FileFilter.hpp">
      <Filter>Monitor</Filter>
    </ClInclude>
    <ClInclude Include="GenericTable.hpp">
      <Filter>Memory</Filter>
    </ClInclude>
    <ClInclude Include="New.hpp">
      <Filter>Memory</Filter>
    </ClInclude>
    <ClInclude Include="Singleton.hpp">
      <Filter>Header Files</Filter>
    </ClInclude>
  </ItemGroup>
  <ItemGroup>
    <ClCompile Include="ApcInjector.cpp">
      <Filter>ApcInjectorLib</Filter>
    </ClCompile>
    <ClCompile Include="Log.cpp">
      <Filter>LogLib</Filter>
    </ClCompile>
    <ClCompile Include="Driver.cpp">
      <Filter>Source Files</Filter>
    </ClCompile>
    <ClCompile Include="Utils.cpp">
      <Filter>Header Files</Filter>
    </ClCompile>
    <ClCompile Include="Notify.cpp">
      <Filter>Monitor</Filter>
    </ClCompile>
    <ClCompile Include="ProcessProtector.cpp">
      <Filter>Protector</Filter>
    </ClCompile>
    <ClCompile Include="FileFilter.cpp">
      <Filter>Monitor</Filter>
    </ClCompile>
    <ClCompile Include="New.cpp">
      <Filter>Memory</Filter>
    </ClCompile>
  </ItemGroup>
</Project>